[ "exlager": {:git, "git://github.com/khia/exlager.git", "0b840aae773e6eb6de7cdbb703b47031b6608bfb", []},
  "genx": "f9f51e6065ac2a82a82f9dfed9e6337c41e4b9aa",
  "lager": {:git, "https://github.com/basho/lager.git", "d6482649420a900f1c8d8830584235ff740d4a06", []},
  "oauth": {:git, "git://github.com/tim/erlang-oauth.git", "9035960a0d30a8b3909d9f4d7e9a837aac8a696c", [{:tag, "v1.3.0"}]} ]
